lockfileVersion: '9.0'

settings:
  autoInstallPeers: true
  excludeLinksFromLockfile: false

importers:

  .:
    dependencies:
      '@hugeicons/core-free-icons':
        specifier: ^4.3.5
        version: 4.3.5
      '@hugeicons/react':
        specifier: ^1.1.10
        version: 1.1.10(react@19.3.0)

packages:

  '@hugeicons/core-free-icons@4.3.5':
    resolution: {integrity: sha512-Sv+NjHRPnQk+yZsGCMcGznCHdTfJR9PMMOEKcJYAQU4gy90dmlc9PwdtvYOImBZIjiheMsTLL5eMn2DmHxUiUg==}

  '@hugeicons/react@1.1.10':
    resolution: {integrity: sha512-9tAsd92yMVVGP+E+d8cM+wc0VnXuYZHNbWQi7TOe8k2neawmhiaFmVFbzyruejhOMa197/LbgvSED32ayUo3ZA==}
    peerDependencies:
      react: '>=16.0.0'

  react@19.3.0:
    resolution: {integrity: sha512-E8LUcbtBWt20bbl2YoHfx4ZDBdxVTfOKtCZn9cDSJ4l6/nuoApcpIBcj47t2wZoVX8g2ZHuMHbiShgCR1T5Sog==}
    engines: {node: '>=0.10.0'}

snapshots:

  '@hugeicons/core-free-icons@4.3.5': {}

  '@hugeicons/react@1.1.10(react@19.3.0)':
    dependencies:
      react: 19.3.0

  react@19.3.0: {}
